Microsoft Visual Studio Solution File, Format Version 12.00
# Visual Studio Version 16
VisualStudioVersion = 16.0.30114.105
MinimumVisualStudioVersion = 10.0.40219.1
Project("{2150E333-8FDC-42A3-9474-1A3956D46DE8}") = "Modules", "Modules", "{7892879D-DEEB-48AD-8854-C32E0B94D127}"
EndProject
Project("{2150E333-8FDC-42A3-9474-1A3956D46DE8}") = "Services", "Services", "{4CEDCE64-4ED9-48AC-B589-A4148B041EEE}"
EndProject
Project("{2150E333-8FDC-42A3-9474-1A3956D46DE8}") = "Web", "Web", "{C6A68633-DE27-4C1B-AED1-5DF9198A3205}"
EndProject
Project("{2150E333-8FDC-42A3-9474-1A3956D46DE8}") = "Gateways", "Gateways", "{D54CAEDC-3515-475B-9345-A4C6FBC69E74}"
EndProject
Project("{2150E333-8FDC-42A3-9474-1A3956D46DE8}") = "src", "src", "{801D4AF4-AFA5-4571-88C2-321F9CC0CC85}"
EndProject
Project("{FAE04EC0-301F-11D3-BF4B-00C04F79EFBC}") = "Demands", "src\Services\Demands\Demands.csproj", "{1D7128A9-F572-4E66-9D5B-18A82F7B3789}"
EndProject
Project("{FAE04EC0-301F-11D3-BF4B-00C04F79EFBC}") = "Message", "src\Services\Message\Message.csproj", "{A8B5C734-A788-4B5B-8DED-0815A9E4C2E5}"
EndProject
Project("{FAE04EC0-301F-11D3-BF4B-00C04F79EFBC}") = "ContinuousIntegration", "src\Services\ContinuousIntegration\ContinuousIntegration.csproj", "{D07DA980-C704-4769-9AFD-7D1CB24D6F1C}"
EndProject
Project("{FAE04EC0-301F-11D3-BF4B-00C04F79EFBC}") = "CodeManage", "src\Services\CodeManage\CodeManage.csproj", "{FEE5A34F-154F-423E-820B-C15C9873C7F3}"
EndProject
Project("{FAE04EC0-301F-11D3-BF4B-00C04F79EFBC}") = "Chart", "src\Services\Chart\Chart.csproj", "{E01A6E18-342E-494D-878E-A05CC26B3F9C}"
EndProject
Project("{FAE04EC0-301F-11D3-BF4B-00C04F79EFBC}") = "Toolkit", "src\Modules\Toolkit\Toolkit.csproj", "{4C9FE388-1F41-48AA-AE34-7C4DAA2DFB01}"
EndProject
EndProject
Project("{E53339B2-1760-4266-BCC7-CA923CBCF16C}") = "docker-compose", "docker-compose.dcproj", "{250B824E-6A72-4D6E-8287-CC73F40410E9}"
EndProject
Project("{FAE04EC0-301F-11D3-BF4B-00C04F79EFBC}") = "SignalHub", "src\Services\SignalHub\SignalHub.csproj", "{0424F8B1-DC77-4AE1-98DA-3978D87FF326}"
EndProject
Project("{FAE04EC0-301F-11D3-BF4B-00C04F79EFBC}") = "HttpAggregator", "src\Gateways\HttpAggregator\HttpAggregator.csproj", "{6551A9C7-C486-4F0E-974E-B3D84F7AA686}"
EndProject
Project("{FAE04EC0-301F-11D3-BF4B-00C04F79EFBC}") = "Authentication", "src\Services\Authentication\Authentication.csproj", "{9FF30974-2E72-4724-8095-AA99F3BCDCB4}"
EndProject
Project("{FAE04EC0-301F-11D3-BF4B-00C04F79EFBC}") = "SingleSignOn", "src\Services\SingleSignOn\SingleSignOn.csproj", "{1C6258C8-61E2-46D0-A2C0-F1AA515192FD}"
EndProject
Global
	GlobalSection(SolutionConfigurationPlatforms) = preSolution
		Debug|Any CPU = Debug|Any CPU
		Release|Any CPU = Release|Any CPU
	EndGlobalSection
	GlobalSection(SolutionProperties) = preSolution
		HideSolutionNode = FALSE
	EndGlobalSection
	GlobalSection(NestedProjects) = preSolution
		{C6A68633-DE27-4C1B-AED1-5DF9198A3205} = {801D4AF4-AFA5-4571-88C2-321F9CC0CC85}
		{4CEDCE64-4ED9-48AC-B589-A4148B041EEE} = {801D4AF4-AFA5-4571-88C2-321F9CC0CC85}
		{7892879D-DEEB-48AD-8854-C32E0B94D127} = {801D4AF4-AFA5-4571-88C2-321F9CC0CC85}
		{D54CAEDC-3515-475B-9345-A4C6FBC69E74} = {801D4AF4-AFA5-4571-88C2-321F9CC0CC85}
		{1D7128A9-F572-4E66-9D5B-18A82F7B3789} = {4CEDCE64-4ED9-48AC-B589-A4148B041EEE}
		{A8B5C734-A788-4B5B-8DED-0815A9E4C2E5} = {4CEDCE64-4ED9-48AC-B589-A4148B041EEE}
		{D07DA980-C704-4769-9AFD-7D1CB24D6F1C} = {4CEDCE64-4ED9-48AC-B589-A4148B041EEE}
		{FEE5A34F-154F-423E-820B-C15C9873C7F3} = {4CEDCE64-4ED9-48AC-B589-A4148B041EEE}
		{E01A6E18-342E-494D-878E-A05CC26B3F9C} = {4CEDCE64-4ED9-48AC-B589-A4148B041EEE}
		{4C9FE388-1F41-48AA-AE34-7C4DAA2DFB01} = {7892879D-DEEB-48AD-8854-C32E0B94D127}
		{0424F8B1-DC77-4AE1-98DA-3978D87FF326} = {D54CAEDC-3515-475B-9345-A4C6FBC69E74}
		{6551A9C7-C486-4F0E-974E-B3D84F7AA686} = {D54CAEDC-3515-475B-9345-A4C6FBC69E74}
		{9FF30974-2E72-4724-8095-AA99F3BCDCB4} = {4CEDCE64-4ED9-48AC-B589-A4148B041EEE}
		{1C6258C8-61E2-46D0-A2C0-F1AA515192FD} = {4CEDCE64-4ED9-48AC-B589-A4148B041EEE}
	EndGlobalSection
	GlobalSection(ProjectConfigurationPlatforms) = postSolution
		{1D7128A9-F572-4E66-9D5B-18A82F7B3789}.Debug|Any CPU.ActiveCfg = Debug|Any CPU
		{1D7128A9-F572-4E66-9D5B-18A82F7B3789}.Debug|Any CPU.Build.0 = Debug|Any CPU
		{1D7128A9-F572-4E66-9D5B-18A82F7B3789}.Release|Any CPU.ActiveCfg = Release|Any CPU
		{1D7128A9-F572-4E66-9D5B-18A82F7B3789}.Release|Any CPU.Build.0 = Release|Any CPU
		{A8B5C734-A788-4B5B-8DED-0815A9E4C2E5}.Debug|Any CPU.ActiveCfg = Debug|Any CPU
		{A8B5C734-A788-4B5B-8DED-0815A9E4C2E5}.Debug|Any CPU.Build.0 = Debug|Any CPU
		{A8B5C734-A788-4B5B-8DED-0815A9E4C2E5}.Release|Any CPU.ActiveCfg = Release|Any CPU
		{A8B5C734-A788-4B5B-8DED-0815A9E4C2E5}.Release|Any CPU.Build.0 = Release|Any CPU
		{D07DA980-C704-4769-9AFD-7D1CB24D6F1C}.Debug|Any CPU.ActiveCfg = Debug|Any CPU
		{D07DA980-C704-4769-9AFD-7D1CB24D6F1C}.Debug|Any CPU.Build.0 = Debug|Any CPU
		{D07DA980-C704-4769-9AFD-7D1CB24D6F1C}.Release|Any CPU.ActiveCfg = Release|Any CPU
		{D07DA980-C704-4769-9AFD-7D1CB24D6F1C}.Release|Any CPU.Build.0 = Release|Any CPU
		{FEE5A34F-154F-423E-820B-C15C9873C7F3}.Debug|Any CPU.ActiveCfg = Debug|Any CPU
		{FEE5A34F-154F-423E-820B-C15C9873C7F3}.Debug|Any CPU.Build.0 = Debug|Any CPU
		{FEE5A34F-154F-423E-820B-C15C9873C7F3}.Release|Any CPU.ActiveCfg = Release|Any CPU
		{FEE5A34F-154F-423E-820B-C15C9873C7F3}.Release|Any CPU.Build.0 = Release|Any CPU
		{E01A6E18-342E-494D-878E-A05CC26B3F9C}.Debug|Any CPU.ActiveCfg = Debug|Any CPU
		{E01A6E18-342E-494D-878E-A05CC26B3F9C}.Debug|Any CPU.Build.0 = Debug|Any CPU
		{E01A6E18-342E-494D-878E-A05CC26B3F9C}.Release|Any CPU.ActiveCfg = Release|Any CPU
		{E01A6E18-342E-494D-878E-A05CC26B3F9C}.Release|Any CPU.Build.0 = Release|Any CPU
		{4C9FE388-1F41-48AA-AE34-7C4DAA2DFB01}.Debug|Any CPU.ActiveCfg = Debug|Any CPU
		{4C9FE388-1F41-48AA-AE34-7C4DAA2DFB01}.Debug|Any CPU.Build.0 = Debug|Any CPU
		{4C9FE388-1F41-48AA-AE34-7C4DAA2DFB01}.Release|Any CPU.ActiveCfg = Release|Any CPU
		{4C9FE388-1F41-48AA-AE34-7C4DAA2DFB01}.Release|Any CPU.Build.0 = Release|Any CPU
		{0424F8B1-DC77-4AE1-98DA-3978D87FF326}.Debug|Any CPU.ActiveCfg = Debug|Any CPU
		{0424F8B1-DC77-4AE1-98DA-3978D87FF326}.Debug|Any CPU.Build.0 = Debug|Any CPU
		{0424F8B1-DC77-4AE1-98DA-3978D87FF326}.Release|Any CPU.ActiveCfg = Release|Any CPU
		{0424F8B1-DC77-4AE1-98DA-3978D87FF326}.Release|Any CPU.Build.0 = Release|Any CPU
		{6551A9C7-C486-4F0E-974E-B3D84F7AA686}.Debug|Any CPU.ActiveCfg = Debug|Any CPU
		{6551A9C7-C486-4F0E-974E-B3D84F7AA686}.Debug|Any CPU.Build.0 = Debug|Any CPU
		{6551A9C7-C486-4F0E-974E-B3D84F7AA686}.Release|Any CPU.ActiveCfg = Release|Any CPU
		{6551A9C7-C486-4F0E-974E-B3D84F7AA686}.Release|Any CPU.Build.0 = Release|Any CPU
		{9FF30974-2E72-4724-8095-AA99F3BCDCB4}.Debug|Any CPU.ActiveCfg = Debug|Any CPU
		{9FF30974-2E72-4724-8095-AA99F3BCDCB4}.Debug|Any CPU.Build.0 = Debug|Any CPU
		{9FF30974-2E72-4724-8095-AA99F3BCDCB4}.Release|Any CPU.ActiveCfg = Release|Any CPU
		{9FF30974-2E72-4724-8095-AA99F3BCDCB4}.Release|Any CPU.Build.0 = Release|Any CPU
		{1C6258C8-61E2-46D0-A2C0-F1AA515192FD}.Debug|Any CPU.ActiveCfg = Debug|Any CPU
		{1C6258C8-61E2-46D0-A2C0-F1AA515192FD}.Debug|Any CPU.Build.0 = Debug|Any CPU
		{1C6258C8-61E2-46D0-A2C0-F1AA515192FD}.Release|Any CPU.ActiveCfg = Release|Any CPU
		{1C6258C8-61E2-46D0-A2C0-F1AA515192FD}.Release|Any CPU.Build.0 = Release|Any CPU
	EndGlobalSection
EndGlobal
